
Microsoft Visual Studio Solution File, Format Version 12.00
# Visual Studio Version 17
VisualStudioVersion = 17.5.33424.131
MinimumVisualStudioVersion = 10.0.40219.1
Project("{FAE04EC0-301F-11D3-BF4B-00C04F79EFBC}") = "Week4Loops", "Week4Loops\Week4Loops.csproj", "{BF52FDF0-2C07-45C6-A3D9-FA96CE85674C}"
EndProject
Global
	GlobalSection(SolutionConfigurationPlatforms) = preSolution
		Debug|Any CPU = Debug|Any CPU
		Release|Any CPU = Release|Any CPU
	EndGlobalSection
	GlobalSection(ProjectConfigurationPlatforms) = postSolution
		{BF52FDF0-2C07-45C6-A3D9-FA96CE85674C}.Debug|Any CPU.ActiveCfg = Debug|Any CPU
		{BF52FDF0-2C07-45C6-A3D9-FA96CE85674C}.Debug|Any CPU.Build.0 = Debug|Any CPU
		{BF52FDF0-2C07-45C6-A3D9-FA96CE85674C}.Release|Any CPU.ActiveCfg = Release|Any CPU
		{BF52FDF0-2C07-45C6-A3D9-FA96CE85674C}.Release|Any CPU.Build.0 = Release|Any CPU
	EndGlobalSection
	GlobalSection(SolutionProperties) = preSolution
		HideSolutionNode = FALSE
	EndGlobalSection
	GlobalSection(ExtensibilityGlobals) = postSolution
		SolutionGuid = {8F1F0D19-3ABF-483B-B34A-03ECDD57C1B7}
	EndGlobalSection
EndGlobal
